
Microsoft Visual Studio Solution File, Format Version 12.00
# Visual Studio Version 16
VisualStudioVersion = 16.0.29411.108
MinimumVisualStudioVersion = 10.0.40219.1
Project("{E24C65DC-7377-472B-9ABA-BC803B73C61A}") = "Weather forecast Web App", ".", "{000E88C0-D5F3-42CF-801C-B2FF2BAACA7D}"
	ProjectSection(WebsiteProperties) = preProject
		TargetFrameworkMoniker = ".NETFramework,Version%3Dv4.7.2"
		Debug.AspNetCompiler.VirtualPath = "/localhost_55870"
		Debug.AspNetCompiler.PhysicalPath = "..\Weather forecast Web App\"
		Debug.AspNetCompiler.TargetPath = "PrecompiledWeb\localhost_55870\"
		Debug.AspNetCompiler.Updateable = "true"
		Debug.AspNetCompiler.ForceOverwrite = "true"
		Debug.AspNetCompiler.FixedNames = "false"
		Debug.AspNetCompiler.Debug = "True"
		Release.AspNetCompiler.VirtualPath = "/localhost_55870"
		Release.AspNetCompiler.PhysicalPath = "..\Weather forecast Web App\"
		Release.AspNetCompiler.TargetPath = "PrecompiledWeb\localhost_55870\"
		Release.AspNetCompiler.Updateable = "true"
		Release.AspNetCompiler.ForceOverwrite = "true"
		Release.AspNetCompiler.FixedNames = "false"
		Release.AspNetCompiler.Debug = "False"
		VWDPort = "55870"
		SlnRelativePath = "..\Weather forecast Web App\"
		DefaultWebSiteLanguage = "Visual C#"
	EndProjectSection
EndProject
Global
	GlobalSection(SolutionConfigurationPlatforms) = preSolution
		Debug|Any CPU = Debug|Any CPU
	EndGlobalSection
	GlobalSection(ProjectConfigurationPlatforms) = postSolution
		{000E88C0-D5F3-42CF-801C-B2FF2BAACA7D}.Debug|Any CPU.ActiveCfg = Debug|Any CPU
		{000E88C0-D5F3-42CF-801C-B2FF2BAACA7D}.Debug|Any CPU.Build.0 = Debug|Any CPU
	EndGlobalSection
	GlobalSection(SolutionProperties) = preSolution
		HideSolutionNode = FALSE
	EndGlobalSection
	GlobalSection(ExtensibilityGlobals) = postSolution
		SolutionGuid = {819D349D-5BA5-45B5-8816-CA74308AB081}
	EndGlobalSection
EndGlobal
